PODS:
  - Alamofire (5.4.4)
  - KeychainAccess (4.1.0)
  - PromisesObjC (2.0.0)
  - PromisesSwift (2.0.0):
    - PromisesObjC (= 2.0.0)
  - Swinject (2.7.1)

DEPENDENCIES:
  - Alamofire (= 5.4.4)
  - KeychainAccess (= 4.1.0)
  - PromisesSwift (= 2.0.0)
  - Swinject (= 2.7.1)

SPEC REPOS:
  trunk:
    - Alamofire
    - KeychainAccess
    - PromisesObjC
    - PromisesSwift
    - Swinject

SPEC CHECKSUMS:
  Alamofire: f3b09a368f1582ab751b3fff5460276e0d2cf5c9
  KeychainAccess: 445e28864fe6d3458b41fa211bcdc39890e8bd5a
  PromisesObjC: 68159ce6952d93e17b2dfe273b8c40907db5ba58
  PromisesSwift: e0b2a6433469efb0b83a2b84c62a2abab8e5e5d4
  Swinject: ddf78b8486dd9b71a667b852cad919ab4484478e

PODFILE CHECKSUM: 4a080327efad16bd67cee0e726d2d718eb8df79c

COCOAPODS: 1.11.3
